// !$*UTF8*$!
{
	archiveVersion = 1;
	classes = {
	};
	objectVersion = 46;
	objects = {

/* Begin PBXFileReference section */
		8A88C20616DE7B0F008E6A60 /* types.js */ = {isa = PBXFileReference; lastKnownFileType = sourcecode.javascript; name = types.js; path = js/types.js; sourceTree = "<group>"; };
		8A88C20716DE8F2A008E6A60 /* stageone.js */ = {isa = PBXFileReference; lastKnownFileType = sourcecode.javascript; name = stageone.js; path = js/stageone.js; sourceTree = "<group>"; };
		8A88C20816DE8F56008E6A60 /* util.js */ = {isa = PBXFileReference; lastKnownFileType = sourcecode.javascript; name = util.js; path = js/util.js; sourceTree = "<group>"; };
		8A89986D16DFFFEC00A895FA /* mainmenu.js */ = {isa = PBXFileReference; lastKnownFileType = sourcecode.javascript; name = mainmenu.js; path = js/mainmenu.js; sourceTree = "<group>"; };
		8A89986E16E006C500A895FA /* stagetwo.js */ = {isa = PBXFileReference; lastKnownFileType = sourcecode.javascript; name = stagetwo.js; path = js/stagetwo.js; sourceTree = "<group>"; };
		8A89986F16E00C7600A895FA /* endstagepopup.js */ = {isa = PBXFileReference; lastKnownFileType = sourcecode.javascript; name = endstagepopup.js; path = js/endstagepopup.js; sourceTree = "<group>"; };
		8A89AF9816DBA6A600EA061F /* index.html */ = {isa = PBXFileReference; lastKnownFileType = text.html; path = index.html; sourceTree = "<group>"; };
		8A89AF9C16DBA6E200EA061F /* createjs-2013.02.12.min.js */ = {isa = PBXFileReference; lastKnownFileType = sourcecode.javascript; name = "createjs-2013.02.12.min.js"; path = "js/createjs-2013.02.12.min.js"; sourceTree = "<group>"; };
		8A89AF9E16DBA78E00EA061F /* game.js */ = {isa = PBXFileReference; lastKnownFileType = sourcecode.javascript; name = game.js; path = js/game.js; sourceTree = "<group>"; };
		8AD100F916DBD58400AFC68A /* Box2dWeb-2.1.a.3.min.js */ = {isa = PBXFileReference; lastKnownFileType = sourcecode.javascript; name = "Box2dWeb-2.1.a.3.min.js"; path = "js/Box2dWeb-2.1.a.3.min.js"; sourceTree = "<group>"; };
/* End PBXFileReference section */

/* Begin PBXGroup section */
		8A89AF8F16DBA68E00EA061F = {
			isa = PBXGroup;
			children = (
				8AD100F916DBD58400AFC68A /* Box2dWeb-2.1.a.3.min.js */,
				8A89AF9C16DBA6E200EA061F /* createjs-2013.02.12.min.js */,
				8A89AF9816DBA6A600EA061F /* index.html */,
				8A89AF9E16DBA78E00EA061F /* game.js */,
				8A89986D16DFFFEC00A895FA /* mainmenu.js */,
				8A88C20816DE8F56008E6A60 /* util.js */,
				8A88C20616DE7B0F008E6A60 /* types.js */,
				8A89986E16E006C500A895FA /* stagetwo.js */,
				8A88C20716DE8F2A008E6A60 /* stageone.js */,
				8A89986F16E00C7600A895FA /* endstagepopup.js */,
			);
			sourceTree = "<group>";
		};
/* End PBXGroup section */

/* Begin PBXProject section */
		8A89AF9116DBA68E00EA061F /* Project object */ = {
			isa = PBXProject;
			attributes = {
				LastUpgradeCheck = 0450;
			};
			buildConfigurationList = 8A89AF9416DBA68E00EA061F /* Build configuration list for PBXProject "Aquaplay" */;
			compatibilityVersion = "Xcode 3.2";
			developmentRegion = English;
			hasScannedForEncodings = 0;
			knownRegions = (
				en,
			);
			mainGroup = 8A89AF8F16DBA68E00EA061F;
			projectDirPath = "";
			projectRoot = "";
			targets = (
			);
		};
/* End PBXProject section */

/* Begin XCBuildConfiguration section */
		8A89AF9616DBA68E00EA061F /* Debug */ = {
			isa = XCBuildConfiguration;
			buildSettings = {
			};
			name = Debug;
		};
		8A89AF9716DBA68E00EA061F /* Release */ = {
			isa = XCBuildConfiguration;
			buildSettings = {
			};
			name = Release;
		};
/* End XCBuildConfiguration section */

/* Begin XCConfigurationList section */
		8A89AF9416DBA68E00EA061F /* Build configuration list for PBXProject "Aquaplay" */ = {
			isa = XCConfigurationList;
			buildConfigurations = (
				8A89AF9616DBA68E00EA061F /* Debug */,
				8A89AF9716DBA68E00EA061F /* Release */,
			);
			defaultConfigurationIsVisible = 0;
			defaultConfigurationName = Release;
		};
/* End XCConfigurationList section */
	};
	rootObject = 8A89AF9116DBA68E00EA061F /* Project object */;
}
